
Microsoft Visual Studio Solution File, Format Version 12.00
# Visual Studio Version 17
VisualStudioVersion = 17.12.35728.132 d17.12
MinimumVisualStudioVersion = 10.0.40219.1
Project("{FAE04EC0-301F-11D3-BF4B-00C04F79EFBC}") = "AspNet_WebAPI", "AspNet_WebAPI\AspNet_WebAPI.csproj", "{CBA3A047-0E21-4D16-AF3D-CFF3E27982AA}"
EndProject
Global
	GlobalSection(SolutionConfigurationPlatforms) = preSolution
		Debug|Any CPU = Debug|Any CPU
		Release|Any CPU = Release|Any CPU
	EndGlobalSection
	GlobalSection(ProjectConfigurationPlatforms) = postSolution
		{CBA3A047-0E21-4D16-AF3D-CFF3E27982AA}.Debug|Any CPU.ActiveCfg = Debug|Any CPU
		{CBA3A047-0E21-4D16-AF3D-CFF3E27982AA}.Debug|Any CPU.Build.0 = Debug|Any CPU
		{CBA3A047-0E21-4D16-AF3D-CFF3E27982AA}.Release|Any CPU.ActiveCfg = Release|Any CPU
		{CBA3A047-0E21-4D16-AF3D-CFF3E27982AA}.Release|Any CPU.Build.0 = Release|Any CPU
	EndGlobalSection
	GlobalSection(SolutionProperties) = preSolution
		HideSolutionNode = FALSE
	EndGlobalSection
EndGlobal
